// !$*UTF8*$!
{
	archiveVersion = 1;
	classes = {
	};
	objectVersion = 48;
	objects = {

/* Begin PBXBuildFile section */
		6C37ADB71FFEAECE000D1010 /* AppDelegate.swift in Sources */ = {isa = PBXBuildFile; fileRef = 6C37ADB61FFEAECE000D1010 /* AppDelegate.swift */; };
		6C37ADBF1FFEAECE000D1010 /* GameViewController.swift in Sources */ = {isa = PBXBuildFile; fileRef = 6C37ADBE1FFEAECE000D1010 /* GameViewController.swift */; };
		6C37ADC21FFEAECE000D1010 /* Main.storyboard in Resources */ = {isa = PBXBuildFile; fileRef = 6C37ADC01FFEAECE000D1010 /* Main.storyboard */; };
		6C37ADC41FFEAECE000D1010 /* Assets.xcassets in Resources */ = {isa = PBXBuildFile; fileRef = 6C37ADC31FFEAECE000D1010 /* Assets.xcassets */; };
		6C37ADC71FFEAECE000D1010 /* LaunchScreen.storyboard in Resources */ = {isa = PBXBuildFile; fileRef = 6C37ADC51FFEAECE000D1010 /* LaunchScreen.storyboard */; };
		6C37ADD21FFEAECE000D1010 /* BlocosTests.swift in Sources */ = {isa = PBXBuildFile; fileRef = 6C37ADD11FFEAECE000D1010 /* BlocosTests.swift */; };
		6C37ADDD1FFEAECE000D1010 /* BlocosUITests.swift in Sources */ = {isa = PBXBuildFile; fileRef = 6C37ADDC1FFEAECE000D1010 /* BlocosUITests.swift */; };
		6C37ADEB1FFEB1F6000D1010 /* GameScene.swift in Sources */ = {isa = PBXBuildFile; fileRef = 6C37ADEA1FFEB1F6000D1010 /* GameScene.swift */; };
		6C5535D2200964C600F8EC8D /* StartScene.swift in Sources */ = {isa = PBXBuildFile; fileRef = 6C5535D1200964C600F8EC8D /* StartScene.swift */; };
		6CD28A8420096814007898CE /* GameOverScene.swift in Sources */ = {isa = PBXBuildFile; fileRef = 6CD28A8320096814007898CE /* GameOverScene.swift */; };
		6CD28A86200968CC007898CE /* VictoryScene.swift in Sources */ = {isa = PBXBuildFile; fileRef = 6CD28A85200968CC007898CE /* VictoryScene.swift */; };
/* End PBXBuildFile section */

/* Begin PBXContainerItemProxy section */
		6C37ADCE1FFEAECE000D1010 /* PBXContainerItemProxy */ = {
			isa = PBXContainerItemProxy;
			containerPortal = 6C37ADAB1FFEAECE000D1010 /* Project object */;
			proxyType = 1;
			remoteGlobalIDString = 6C37ADB21FFEAECE000D1010;
			remoteInfo = Blocos;
		};
		6C37ADD91FFEAECE000D1010 /* PBXContainerItemProxy */ = {
			isa = PBXContainerItemProxy;
			containerPortal = 6C37ADAB1FFEAECE000D1010 /* Project object */;
			proxyType = 1;
			remoteGlobalIDString = 6C37ADB21FFEAECE000D1010;
			remoteInfo = Blocos;
		};
/* End PBXContainerItemProxy section */

/* Begin PBXFileReference section */
		6C37ADB31FFEAECE000D1010 /* Blocos.app */ = {isa = PBXFileReference; explicitFileType = wrapper.application; includeInIndex = 0; path = Blocos.app; sourceTree = BUILT_PRODUCTS_DIR; };
		6C37ADB61FFEAECE000D1010 /* AppDelegate.swift */ = {isa = PBXFileReference; lastKnownFileType = sourcecode.swift; path = AppDelegate.swift; sourceTree = "<group>"; };
		6C37ADBE1FFEAECE000D1010 /* GameViewController.swift */ = {isa = PBXFileReference; lastKnownFileType = sourcecode.swift; path = GameViewController.swift; sourceTree = "<group>"; };
		6C37ADC11FFEAECE000D1010 /* Base */ = {isa = PBXFileReference; lastKnownFileType = file.storyboard; name = Base; path = Base.lproj/Main.storyboard; sourceTree = "<group>"; };
		6C37ADC31FFEAECE000D1010 /* Assets.xcassets */ = {isa = PBXFileReference; lastKnownFileType = folder.assetcatalog; path = Assets.xcassets; sourceTree = "<group>"; };
		6C37ADC61FFEAECE000D1010 /* Base */ = {isa = PBXFileReference; lastKnownFileType = file.storyboard; name = Base; path = Base.lproj/LaunchScreen.storyboard; sourceTree = "<group>"; };
		6C37ADC81FFEAECE000D1010 /* Info.plist */ = {isa = PBXFileReference; lastKnownFileType = text.plist.xml; path = Info.plist; sourceTree = "<group>"; };
		6C37ADCD1FFEAECE000D1010 /* BlocosTests.xctest */ = {isa = PBXFileReference; explicitFileType = wrapper.cfbundle; includeInIndex = 0; path = BlocosTests.xctest; sourceTree = BUILT_PRODUCTS_DIR; };
		6C37ADD11FFEAECE000D1010 /* BlocosTests.swift */ = {isa = PBXFileReference; lastKnownFileType = sourcecode.swift; path = BlocosTests.swift; sourceTree = "<group>"; };
		6C37ADD31FFEAECE000D1010 /* Info.plist */ = {isa = PBXFileReference; lastKnownFileType = text.plist.xml; path = Info.plist; sourceTree = "<group>"; };
		6C37ADD81FFEAECE000D1010 /* BlocosUITests.xctest */ = {isa = PBXFileReference; explicitFileType = wrapper.cfbundle; includeInIndex = 0; path = BlocosUITests.xctest; sourceTree = BUILT_PRODUCTS_DIR; };
		6C37ADDC1FFEAECE000D1010 /* BlocosUITests.swift */ = {isa = PBXFileReference; lastKnownFileType = sourcecode.swift; path = BlocosUITests.swift; sourceTree = "<group>"; };
		6C37ADDE1FFEAECE000D1010 /* Info.plist */ = {isa = PBXFileReference; lastKnownFileType = text.plist.xml; path = Info.plist; sourceTree = "<group>"; };
		6C37ADEA1FFEB1F6000D1010 /* GameScene.swift */ = {isa = PBXFileReference; lastKnownFileType = sourcecode.swift; path = GameScene.swift; sourceTree = "<group>"; };
		6C5535D1200964C600F8EC8D /* StartScene.swift */ = {isa = PBXFileReference; lastKnownFileType = sourcecode.swift; path = StartScene.swift; sourceTree = "<group>"; };
		6CD28A8320096814007898CE /* GameOverScene.swift */ = {isa = PBXFileReference; lastKnownFileType = sourcecode.swift; path = GameOverScene.swift; sourceTree = "<group>"; };
		6CD28A85200968CC007898CE /* VictoryScene.swift */ = {isa = PBXFileReference; lastKnownFileType = sourcecode.swift; path = VictoryScene.swift; sourceTree = "<group>"; };
/* End PBXFileReference section */

/* Begin PBXFrameworksBuildPhase section */
		6C37ADB01FFEAECE000D1010 /* Frameworks */ = {
			isa = PBXFrameworksBuildPhase;
			buildActionMask = 2147483647;
			files = (
			);
			runOnlyForDeploymentPostprocessing = 0;
		};
		6C37ADCA1FFEAECE000D1010 /* Frameworks */ = {
			isa = PBXFrameworksBuildPhase;
			buildActionMask = 2147483647;
			files = (
			);
			runOnlyForDeploymentPostprocessing = 0;
		};
		6C37ADD51FFEAECE000D1010 /* Frameworks */ = {
			isa = PBXFrameworksBuildPhase;
			buildActionMask = 2147483647;
			files = (
			);
			runOnlyForDeploymentPostprocessing = 0;
		};
/* End PBXFrameworksBuildPhase section */

/* Begin PBXGroup section */
		6C37ADAA1FFEAECE000D1010 = {
			isa = PBXGroup;
			children = (
				6C37ADB51FFEAECE000D1010 /* Blocos */,
				6C37ADD01FFEAECE000D1010 /* BlocosTests */,
				6C37ADDB1FFEAECE000D1010 /* BlocosUITests */,
				6C37ADB41FFEAECE000D1010 /* Products */,
			);
			sourceTree = "<group>";
		};
		6C37ADB41FFEAECE000D1010 /* Products */ = {
			isa = PBXGroup;
			children = (
				6C37ADB31FFEAECE000D1010 /* Blocos.app */,
				6C37ADCD1FFEAECE000D1010 /* BlocosTests.xctest */,
				6C37ADD81FFEAECE000D1010 /* BlocosUITests.xctest */,
			);
			name = Products;
			sourceTree = "<group>";
		};
		6C37ADB51FFEAECE000D1010 /* Blocos */ = {
			isa = PBXGroup;
			children = (
				6C37ADB61FFEAECE000D1010 /* AppDelegate.swift */,
				6C37ADBE1FFEAECE000D1010 /* GameViewController.swift */,
				6C37ADEA1FFEB1F6000D1010 /* GameScene.swift */,
				6C5535D1200964C600F8EC8D /* StartScene.swift */,
				6CD28A8320096814007898CE /* GameOverScene.swift */,
				6CD28A85200968CC007898CE /* VictoryScene.swift */,
				6C37ADC01FFEAECE000D1010 /* Main.storyboard */,
				6C37ADC31FFEAECE000D1010 /* Assets.xcassets */,
				6C37ADC51FFEAECE000D1010 /* LaunchScreen.storyboard */,
				6C37ADC81FFEAECE000D1010 /* Info.plist */,
			);
			path = Blocos;
			sourceTree = "<group>";
		};
		6C37ADD01FFEAECE000D1010 /* BlocosTests */ = {
			isa = PBXGroup;
			children = (
				6C37ADD11FFEAECE000D1010 /* BlocosTests.swift */,
				6C37ADD31FFEAECE000D1010 /* Info.plist */,
			);
			path = BlocosTests;
			sourceTree = "<group>";
		};
		6C37ADDB1FFEAECE000D1010 /* BlocosUITests */ = {
			isa = PBXGroup;
			children = (
				6C37ADDC1FFEAECE000D1010 /* BlocosUITests.swift */,
				6C37ADDE1FFEAECE000D1010 /* Info.plist */,
			);
			path = BlocosUITests;
			sourceTree = "<group>";
		};
/* End PBXGroup section */

/* Begin PBXNativeTarget section */
		6C37ADB21FFEAECE000D1010 /* Blocos */ = {
			isa = PBXNativeTarget;
			buildConfigurationList = 6C37ADE11FFEAECE000D1010 /* Build configuration list for PBXNativeTarget "Blocos" */;
			buildPhases = (
				6C37ADAF1FFEAECE000D1010 /* Sources */,
				6C37ADB01FFEAECE000D1010 /* Frameworks */,
				6C37ADB11FFEAECE000D1010 /* Resources */,
			);
			buildRules = (
			);
			dependencies = (
			);
			name = Blocos;
			productName = Blocos;
			productReference = 6C37ADB31FFEAECE000D1010 /* Blocos.app */;
			productType = "com.apple.product-type.application";
		};
		6C37ADCC1FFEAECE000D1010 /* BlocosTests */ = {
			isa = PBXNativeTarget;
			buildConfigurationList = 6C37ADE41FFEAECE000D1010 /* Build configuration list for PBXNativeTarget "BlocosTests" */;
			buildPhases = (
				6C37ADC91FFEAECE000D1010 /* Sources */,
				6C37ADCA1FFEAECE000D1010 /* Frameworks */,
				6C37ADCB1FFEAECE000D1010 /* Resources */,
			);
			buildRules = (
			);
			dependencies = (
				6C37ADCF1FFEAECE000D1010 /* PBXTargetDependency */,
			);
			name = BlocosTests;
			productName = BlocosTests;
			productReference = 6C37ADCD1FFEAECE000D1010 /* BlocosTests.xctest */;
			productType = "com.apple.product-type.bundle.unit-test";
		};
		6C37ADD71FFEAECE000D1010 /* BlocosUITests */ = {
			isa = PBXNativeTarget;
			buildConfigurationList = 6C37ADE71FFEAECE000D1010 /* Build configuration list for PBXNativeTarget "BlocosUITests" */;
			buildPhases = (
				6C37ADD41FFEAECE000D1010 /* Sources */,
				6C37ADD51FFEAECE000D1010 /* Frameworks */,
				6C37ADD61FFEAECE000D1010 /* Resources */,
			);
			buildRules = (
			);
			dependencies = (
				6C37ADDA1FFEAECE000D1010 /* PBXTargetDependency */,
			);
			name = BlocosUITests;
			productName = BlocosUITests;
			productReference = 6C37ADD81FFEAECE000D1010 /* BlocosUITests.xctest */;
			productType = "com.apple.product-type.bundle.ui-testing";
		};
/* End PBXNativeTarget section */

/* Begin PBXProject section */
		6C37ADAB1FFEAECE000D1010 /* Project object */ = {
			isa = PBXProject;
			attributes = {
				LastSwiftUpdateCheck = 0920;
				LastUpgradeCheck = 0920;
				ORGANIZATIONNAME = "Lourenço Gomes";
				TargetAttributes = {
					6C37ADB21FFEAECE000D1010 = {
						CreatedOnToolsVersion = 9.2;
						ProvisioningStyle = Automatic;
					};
					6C37ADCC1FFEAECE000D1010 = {
						CreatedOnToolsVersion = 9.2;
						ProvisioningStyle = Automatic;
						TestTargetID = 6C37ADB21FFEAECE000D1010;
					};
					6C37ADD71FFEAECE000D1010 = {
						CreatedOnToolsVersion = 9.2;
						ProvisioningStyle = Automatic;
						TestTargetID = 6C37ADB21FFEAECE000D1010;
					};
				};
			};
			buildConfigurationList = 6C37ADAE1FFEAECE000D1010 /* Build configuration list for PBXProject "Blocos" */;
			compatibilityVersion = "Xcode 8.0";
			developmentRegion = en;
			hasScannedForEncodings = 0;
			knownRegions = (
				en,
				Base,
			);
			mainGroup = 6C37ADAA1FFEAECE000D1010;
			productRefGroup = 6C37ADB41FFEAECE000D1010 /* Products */;
			projectDirPath = "";
			projectRoot = "";
			targets = (
				6C37ADB21FFEAECE000D1010 /* Blocos */,
				6C37ADCC1FFEAECE000D1010 /* BlocosTests */,
				6C37ADD71FFEAECE000D1010 /* BlocosUITests */,
			);
		};
/* End PBXProject section */

/* Begin PBXResourcesBuildPhase section */
		6C37ADB11FFEAECE000D1010 /* Resources */ = {
			isa = PBXResourcesBuildPhase;
			buildActionMask = 2147483647;
			files = (
				6C37ADC21FFEAECE000D1010 /* Main.storyboard in Resources */,
				6C37ADC41FFEAECE000D1010 /* Assets.xcassets in Resources */,
				6C37ADC71FFEAECE000D1010 /* LaunchScreen.storyboard in Resources */,
			);
			runOnlyForDeploymentPostprocessing = 0;
		};
		6C37ADCB1FFEAECE000D1010 /* Resources */ = {
			isa = PBXResourcesBuildPhase;
			buildActionMask = 2147483647;
			files = (
			);
			runOnlyForDeploymentPostprocessing = 0;
		};
		6C37ADD61FFEAECE000D1010 /* Resources */ = {
			isa = PBXResourcesBuildPhase;
			buildActionMask = 2147483647;
			files = (
			);
			runOnlyForDeploymentPostprocessing = 0;
		};
/* End PBXResourcesBuildPhase section */

/* Begin PBXSourcesBuildPhase section */
		6C37ADAF1FFEAECE000D1010 /* Sources */ = {
			isa = PBXSourcesBuildPhase;
			buildActionMask = 2147483647;
			files = (
				6CD28A8420096814007898CE /* GameOverScene.swift in Sources */,
				6C37ADEB1FFEB1F6000D1010 /* GameScene.swift in Sources */,
				6C37ADBF1FFEAECE000D1010 /* GameViewController.swift in Sources */,
				6CD28A86200968CC007898CE /* VictoryScene.swift in Sources */,
				6C37ADB71FFEAECE000D1010 /* AppDelegate.swift in Sources */,
				6C5535D2200964C600F8EC8D /* StartScene.swift in Sources */,
			);
			runOnlyForDeploymentPostprocessing = 0;
		};
		6C37ADC91FFEAECE000D1010 /* Sources */ = {
			isa = PBXSourcesBuildPhase;
			buildActionMask = 2147483647;
			files = (
				6C37ADD21FFEAECE000D1010 /* BlocosTests.swift in Sources */,
			);
			runOnlyForDeploymentPostprocessing = 0;
		};
		6C37ADD41FFEAECE000D1010 /* Sources */ = {
			isa = PBXSourcesBuildPhase;
			buildActionMask = 2147483647;
			files = (
				6C37ADDD1FFEAECE000D1010 /* BlocosUITests.swift in Sources */,
			);
			runOnlyForDeploymentPostprocessing = 0;
		};
/* End PBXSourcesBuildPhase section */

/* Begin PBXTargetDependency section */
		6C37ADCF1FFEAECE000D1010 /* PBXTargetDependency */ = {
			isa = PBXTargetDependency;
			target = 6C37ADB21FFEAECE000D1010 /* Blocos */;
			targetProxy = 6C37ADCE1FFEAECE000D1010 /* PBXContainerItemProxy */;
		};
		6C37ADDA1FFEAECE000D1010 /* PBXTargetDependency */ = {
			isa = PBXTargetDependency;
			target = 6C37ADB21FFEAECE000D1010 /* Blocos */;
			targetProxy = 6C37ADD91FFEAECE000D1010 /* PBXContainerItemProxy */;
		};
/* End PBXTargetDependency section */

/* Begin PBXVariantGroup section */
		6C37ADC01FFEAECE000D1010 /* Main.storyboard */ = {
			isa = PBXVariantGroup;
			children = (
				6C37ADC11FFEAECE000D1010 /* Base */,
			);
			name = Main.storyboard;
			sourceTree = "<group>";
		};
		6C37ADC51FFEAECE000D1010 /* LaunchScreen.storyboard */ = {
			isa = PBXVariantGroup;
			children = (
				6C37ADC61FFEAECE000D1010 /* Base */,
			);
			name = LaunchScreen.storyboard;
			sourceTree = "<group>";
		};
/* End PBXVariantGroup section */

/* Begin XCBuildConfiguration section */
		6C37ADDF1FFEAECE000D1010 /* Debug */ = {
			isa = XCBuildConfiguration;
			buildSettings = {
				ALWAYS_SEARCH_USER_PATHS = NO;
				CLANG_ANALYZER_NONNULL = YES;
				CLANG_ANALYZER_NUMBER_OBJECT_CONVERSION = YES_AGGRESSIVE;
				CLANG_CXX_LANGUAGE_STANDARD = "gnu++14";
				CLANG_CXX_LIBRARY = "libc++";
				CLANG_ENABLE_MODULES = YES;
				CLANG_ENABLE_OBJC_ARC = YES;
				CLANG_WARN_BLOCK_CAPTURE_AUTORELEASING = YES;
				CLANG_WARN_BOOL_CONVERSION = YES;
				CLANG_WARN_COMMA = YES;
				CLANG_WARN_CONSTANT_CONVERSION = YES;
				CLANG_WARN_DIRECT_OBJC_ISA_USAGE = YES_ERROR;
				CLANG_WARN_DOCUMENTATION_COMMENTS = YES;
				CLANG_WARN_EMPTY_BODY = YES;
				CLANG_WARN_ENUM_CONVERSION = YES;
				CLANG_WARN_INFINITE_RECURSION = YES;
				CLANG_WARN_INT_CONVERSION = YES;
				CLANG_WARN_NON_LITERAL_NULL_CONVERSION = YES;
				CLANG_WARN_OBJC_LITERAL_CONVERSION = YES;
				CLANG_WARN_OBJC_ROOT_CLASS = YES_ERROR;
				CLANG_WARN_RANGE_LOOP_ANALYSIS = YES;
				CLANG_WARN_STRICT_PROTOTYPES = YES;
				CLANG_WARN_SUSPICIOUS_MOVE = YES;
				CLANG_WARN_UNGUARDED_AVAILABILITY = YES_AGGRESSIVE;
				CLANG_WARN_UNREACHABLE_CODE = YES;
				CLANG_WARN__DUPLICATE_METHOD_MATCH = YES;
				CODE_SIGN_IDENTITY = "iPhone Developer";
				COPY_PHASE_STRIP = NO;
				DEBUG_INFORMATION_FORMAT = dwarf;
				ENABLE_STRICT_OBJC_MSGSEND = YES;
				ENABLE_TESTABILITY = YES;
				GCC_C_LANGUAGE_STANDARD = gnu11;
				GCC_DYNAMIC_NO_PIC = NO;
				GCC_NO_COMMON_BLOCKS = YES;
				GCC_OPTIMIZATION_LEVEL = 0;
				GCC_PREPROCESSOR_DEFINITIONS = (
					"DEBUG=1",
					"$(inherited)",
				);
				GCC_WARN_64_TO_32_BIT_CONVERSION = YES;
				GCC_WARN_ABOUT_RETURN_TYPE = YES_ERROR;
				GCC_WARN_UNDECLARED_SELECTOR = YES;
				GCC_WARN_UNINITIALIZED_AUTOS = YES_AGGRESSIVE;
				GCC_WARN_UNUSED_FUNCTION = YES;
				GCC_WARN_UNUSED_VARIABLE = YES;
				IPHONEOS_DEPLOYMENT_TARGET = 11.2;
				MTL_ENABLE_DEBUG_INFO = YES;
				ONLY_ACTIVE_ARCH = YES;
				SDKROOT = iphoneos;
				SWIFT_ACTIVE_COMPILATION_CONDITIONS = DEBUG;
				SWIFT_OPTIMIZATION_LEVEL = "-Onone";
			};
			name = Debug;
		};
		6C37ADE01FFEAECE000D1010 /* Release */ = {
			isa = XCBuildConfiguration;
			buildSettings = {
				ALWAYS_SEARCH_USER_PATHS = NO;
				CLANG_ANALYZER_NONNULL = YES;
				CLANG_ANALYZER_NUMBER_OBJECT_CONVERSION = YES_AGGRESSIVE;
				CLANG_CXX_LANGUAGE_STANDARD = "gnu++14";
				CLANG_CXX_LIBRARY = "libc++";
				CLANG_ENABLE_MODULES = YES;
				CLANG_ENABLE_OBJC_ARC = YES;
				CLANG_WARN_BLOCK_CAPTURE_AUTORELEASING = YES;
				CLANG_WARN_BOOL_CONVERSION = YES;
				CLANG_WARN_COMMA = YES;
				CLANG_WARN_CONSTANT_CONVERSION = YES;
				CLANG_WARN_DIRECT_OBJC_ISA_USAGE = YES_ERROR;
				CLANG_WARN_DOCUMENTATION_COMMENTS = YES;
				CLANG_WARN_EMPTY_BODY = YES;
				CLANG_WARN_ENUM_CONVERSION = YES;
				CLANG_WARN_INFINITE_RECURSION = YES;
				CLANG_WARN_INT_CONVERSION = YES;
				CLANG_WARN_NON_LITERAL_NULL_CONVERSION = YES;
				CLANG_WARN_OBJC_LITERAL_CONVERSION = YES;
				CLANG_WARN_OBJC_ROOT_CLASS = YES_ERROR;
				CLANG_WARN_RANGE_LOOP_ANALYSIS = YES;
				CLANG_WARN_STRICT_PROTOTYPES = YES;
				CLANG_WARN_SUSPICIOUS_MOVE = YES;
				CLANG_WARN_UNGUARDED_AVAILABILITY = YES_AGGRESSIVE;
				CLANG_WARN_UNREACHABLE_CODE = YES;
				CLANG_WARN__DUPLICATE_METHOD_MATCH = YES;
				CODE_SIGN_IDENTITY = "iPhone Developer";
				COPY_PHASE_STRIP = NO;
				DEBUG_INFORMATION_FORMAT = "dwarf-with-dsym";
				ENABLE_NS_ASSERTIONS = NO;
				ENABLE_STRICT_OBJC_MSGSEND = YES;
				GCC_C_LANGUAGE_STANDARD = gnu11;
				GCC_NO_COMMON_BLOCKS = YES;
				GCC_WARN_64_TO_32_BIT_CONVERSION = YES;
				GCC_WARN_ABOUT_RETURN_TYPE = YES_ERROR;
				GCC_WARN_UNDECLARED_SELECTOR = YES;
				GCC_WARN_UNINITIALIZED_AUTOS = YES_AGGRESSIVE;
				GCC_WARN_UNUSED_FUNCTION = YES;
				GCC_WARN_UNUSED_VARIABLE = YES;
				IPHONEOS_DEPLOYMENT_TARGET = 11.2;
				MTL_ENABLE_DEBUG_INFO = NO;
				SDKROOT = iphoneos;
				SWIFT_OPTIMIZATION_LEVEL = "-Owholemodule";
				VALIDATE_PRODUCT = YES;
			};
			name = Release;
		};
		6C37ADE21FFEAECE000D1010 /* Debug */ = {
			isa = XCBuildConfiguration;
			buildSettings = {
				ASSETCATALOG_COMPILER_APPICON_NAME = AppIcon;
				CODE_SIGN_STYLE = Automatic;
				DEVELOPMENT_TEAM = BH692B86TQ;
				INFOPLIST_FILE = Blocos/Info.plist;
				LD_RUNPATH_SEARCH_PATHS = "$(inherited) @executable_path/Frameworks";
				PRODUCT_BUNDLE_IDENTIFIER = ipca.game.Blocos;
				PRODUCT_NAME = "$(TARGET_NAME)";
				SWIFT_VERSION = 4.0;
				TARGETED_DEVICE_FAMILY = "1,2";
			};
			name = Debug;
		};
		6C37ADE31FFEAECE000D1010 /* Release */ = {
			isa = XCBuildConfiguration;
			buildSettings = {
				ASSETCATALOG_COMPILER_APPICON_NAME = AppIcon;
				CODE_SIGN_STYLE = Automatic;
				DEVELOPMENT_TEAM = BH692B86TQ;
				INFOPLIST_FILE = Blocos/Info.plist;
				LD_RUNPATH_SEARCH_PATHS = "$(inherited) @executable_path/Frameworks";
				PRODUCT_BUNDLE_IDENTIFIER = ipca.game.Blocos;
				PRODUCT_NAME = "$(TARGET_NAME)";
				SWIFT_VERSION = 4.0;
				TARGETED_DEVICE_FAMILY = "1,2";
			};
			name = Release;
		};
		6C37ADE51FFEAECE000D1010 /* Debug */ = {
			isa = XCBuildConfiguration;
			buildSettings = {
				ALWAYS_EMBED_SWIFT_STANDARD_LIBRARIES = YES;
				BUNDLE_LOADER = "$(TEST_HOST)";
				CODE_SIGN_STYLE = Automatic;
				DEVELOPMENT_TEAM = BH692B86TQ;
				INFOPLIST_FILE = BlocosTests/Info.plist;
				LD_RUNPATH_SEARCH_PATHS = "$(inherited) @executable_path/Frameworks @loader_path/Frameworks";
				PRODUCT_BUNDLE_IDENTIFIER = ipca.game.BlocosTests;
				PRODUCT_NAME = "$(TARGET_NAME)";
				SWIFT_VERSION = 4.0;
				TARGETED_DEVICE_FAMILY = "1,2";
				TEST_HOST = "$(BUILT_PRODUCTS_DIR)/Blocos.app/Blocos";
			};
			name = Debug;
		};
		6C37ADE61FFEAECE000D1010 /* Release */ = {
			isa = XCBuildConfiguration;
			buildSettings = {
				ALWAYS_EMBED_SWIFT_STANDARD_LIBRARIES = YES;
				BUNDLE_LOADER = "$(TEST_HOST)";
				CODE_SIGN_STYLE = Automatic;
				DEVELOPMENT_TEAM = BH692B86TQ;
				INFOPLIST_FILE = BlocosTests/Info.plist;
				LD_RUNPATH_SEARCH_PATHS = "$(inherited) @executable_path/Frameworks @loader_path/Frameworks";
				PRODUCT_BUNDLE_IDENTIFIER = ipca.game.BlocosTests;
				PRODUCT_NAME = "$(TARGET_NAME)";
				SWIFT_VERSION = 4.0;
				TARGETED_DEVICE_FAMILY = "1,2";
				TEST_HOST = "$(BUILT_PRODUCTS_DIR)/Blocos.app/Blocos";
			};
			name = Release;
		};
		6C37ADE81FFEAECE000D1010 /* Debug */ = {
			isa = XCBuildConfiguration;
			buildSettings = {
				ALWAYS_EMBED_SWIFT_STANDARD_LIBRARIES = YES;
				CODE_SIGN_STYLE = Automatic;
				DEVELOPMENT_TEAM = BH692B86TQ;
				INFOPLIST_FILE = BlocosUITests/Info.plist;
				LD_RUNPATH_SEARCH_PATHS = "$(inherited) @executable_path/Frameworks @loader_path/Frameworks";
				PRODUCT_BUNDLE_IDENTIFIER = ipca.game.BlocosUITests;
				PRODUCT_NAME = "$(TARGET_NAME)";
				SWIFT_VERSION = 4.0;
				TARGETED_DEVICE_FAMILY = "1,2";
				TEST_TARGET_NAME = Blocos;
			};
			name = Debug;
		};
		6C37ADE91FFEAECE000D1010 /* Release */ = {
			isa = XCBuildConfiguration;
			buildSettings = {
				ALWAYS_EMBED_SWIFT_STANDARD_LIBRARIES = YES;
				CODE_SIGN_STYLE = Automatic;
				DEVELOPMENT_TEAM = BH692B86TQ;
				INFOPLIST_FILE = BlocosUITests/Info.plist;
				LD_RUNPATH_SEARCH_PATHS = "$(inherited) @executable_path/Frameworks @loader_path/Frameworks";
				PRODUCT_BUNDLE_IDENTIFIER = ipca.game.BlocosUITests;
				PRODUCT_NAME = "$(TARGET_NAME)";
				SWIFT_VERSION = 4.0;
				TARGETED_DEVICE_FAMILY = "1,2";
				TEST_TARGET_NAME = Blocos;
			};
			name = Release;
		};
/* End XCBuildConfiguration section */

/* Begin XCConfigurationList section */
		6C37ADAE1FFEAECE000D1010 /* Build configuration list for PBXProject "Blocos" */ = {
			isa = XCConfigurationList;
			buildConfigurations = (
				6C37ADDF1FFEAECE000D1010 /* Debug */,
				6C37ADE01FFEAECE000D1010 /* Release */,
			);
			defaultConfigurationIsVisible = 0;
			defaultConfigurationName = Release;
		};
		6C37ADE11FFEAECE000D1010 /* Build configuration list for PBXNativeTarget "Blocos" */ = {
			isa = XCConfigurationList;
			buildConfigurations = (
				6C37ADE21FFEAECE000D1010 /* Debug */,
				6C37ADE31FFEAECE000D1010 /* Release */,
			);
			defaultConfigurationIsVisible = 0;
			defaultConfigurationName = Release;
		};
		6C37ADE41FFEAECE000D1010 /* Build configuration list for PBXNativeTarget "BlocosTests" */ = {
			isa = XCConfigurationList;
			buildConfigurations = (
				6C37ADE51FFEAECE000D1010 /* Debug */,
				6C37ADE61FFEAECE000D1010 /* Release */,
			);
			defaultConfigurationIsVisible = 0;
			defaultConfigurationName = Release;
		};
		6C37ADE71FFEAECE000D1010 /* Build configuration list for PBXNativeTarget "BlocosUITests" */ = {
			isa = XCConfigurationList;
			buildConfigurations = (
				6C37ADE81FFEAECE000D1010 /* Debug */,
				6C37ADE91FFEAECE000D1010 /* Release */,
			);
			defaultConfigurationIsVisible = 0;
			defaultConfigurationName = Release;
		};
/* End XCConfigurationList section */
	};
	rootObject = 6C37ADAB1FFEAECE000D1010 /* Project object */;
}
